// !$*UTF8*$!
{
	archiveVersion = 1;
	classes = {
	};
	objectVersion = 56;
	objects = {

/* Begin PBXBuildFile section */
		0A4277D22B89F8DE0016BBC3 /* AppDelegate.swift in Sources */ = {isa = PBXBuildFile; fileRef = 0A4277D12B89F8DE0016BBC3 /* AppDelegate.swift */; };
		0A4277D42B89F8DE0016BBC3 /* SceneDelegate.swift in Sources */ = {isa = PBXBuildFile; fileRef = 0A4277D32B89F8DE0016BBC3 /* SceneDelegate.swift */; };
		0A4277D62B89F8DE0016BBC3 /* CalculatorVC.swift in Sources */ = {isa = PBXBuildFile; fileRef = 0A4277D52B89F8DE0016BBC3 /* CalculatorVC.swift */; };
		0A4277DB2B89F8E20016BBC3 /* Assets.xcassets in Resources */ = {isa = PBXBuildFile; fileRef = 0A4277DA2B89F8E20016BBC3 /* Assets.xcassets */; };
		0A4277DE2B89F8E20016BBC3 /* LaunchScreen.storyboard in Resources */ = {isa = PBXBuildFile; fileRef = 0A4277DC2B89F8E20016BBC3 /* LaunchScreen.storyboard */; };
		0A4277EC2B8E11B60016BBC3 /* swiftDemoTests.swift in Sources */ = {isa = PBXBuildFile; fileRef = 0A4277EB2B8E11B60016BBC3 /* swiftDemoTests.swift */; };
		0A4277F92B8E11DA0016BBC3 /* swiftDemoUITests.swift in Sources */ = {isa = PBXBuildFile; fileRef = 0A4277F82B8E11DA0016BBC3 /* swiftDemoUITests.swift */; };
		0A4277FB2B8E11DA0016BBC3 /* swiftDemoUITestsLaunchTests.swift in Sources */ = {isa = PBXBuildFile; fileRef = 0A4277FA2B8E11DA0016BBC3 /* swiftDemoUITestsLaunchTests.swift */; };
		0A4278032B8E140D0016BBC3 /* CombineCocoa in Frameworks */ = {isa = PBXBuildFile; productRef = 0A4278022B8E140D0016BBC3 /* CombineCocoa */; };
		0A4278062B8E16230016BBC3 /* SnapKit in Frameworks */ = {isa = PBXBuildFile; productRef = 0A4278052B8E16230016BBC3 /* SnapKit */; };
		0A4278092B8E19E70016BBC3 /* CombineCocoa in Frameworks */ = {isa = PBXBuildFile; productRef = 0A4278082B8E19E70016BBC3 /* CombineCocoa */; };
		0A42780C2B8E1AE80016BBC3 /* SnapshotTesting in Frameworks */ = {isa = PBXBuildFile; productRef = 0A42780B2B8E1AE80016BBC3 /* SnapshotTesting */; };
		0A42780E2B8E1B2A0016BBC3 /* CombineCocoa in Frameworks */ = {isa = PBXBuildFile; productRef = 0A42780D2B8E1B2A0016BBC3 /* CombineCocoa */; };
		0A4278112B8E2E000016BBC3 /* LogoView.swift in Sources */ = {isa = PBXBuildFile; fileRef = 0A4278102B8E2E000016BBC3 /* LogoView.swift */; };
		0A4278132B8E2EEB0016BBC3 /* ResultView.swift in Sources */ = {isa = PBXBuildFile; fileRef = 0A4278122B8E2EEB0016BBC3 /* ResultView.swift */; };
		0A4278152B8E2F2C0016BBC3 /* BillInputView.swift in Sources */ = {isa = PBXBuildFile; fileRef = 0A4278142B8E2F2C0016BBC3 /* BillInputView.swift */; };
		0A4278172B8E2F520016BBC3 /* TipInputView.swift in Sources */ = {isa = PBXBuildFile; fileRef = 0A4278162B8E2F520016BBC3 /* TipInputView.swift */; };
		0A4278192B8E2F7A0016BBC3 /* SplitInputView.swift in Sources */ = {isa = PBXBuildFile; fileRef = 0A4278182B8E2F7A0016BBC3 /* SplitInputView.swift */; };
		0A42781C2B92526A0016BBC3 /* ThemeColor.swift in Sources */ = {isa = PBXBuildFile; fileRef = 0A42781B2B92526A0016BBC3 /* ThemeColor.swift */; };
		0A42781E2B9252900016BBC3 /* ThemeFont.swift in Sources */ = {isa = PBXBuildFile; fileRef = 0A42781D2B9252900016BBC3 /* ThemeFont.swift */; };
		0A4278212B9252FD0016BBC3 /* UIColor+Extension.swift in Sources */ = {isa = PBXBuildFile; fileRef = 0A4278202B9252FD0016BBC3 /* UIColor+Extension.swift */; };
		0A4278252B9486330016BBC3 /* LabelFactory.swift in Sources */ = {isa = PBXBuildFile; fileRef = 0A4278242B9486330016BBC3 /* LabelFactory.swift */; };
		0A4278272B9729660016BBC3 /* UIView+Extension.swift in Sources */ = {isa = PBXBuildFile; fileRef = 0A4278262B9729660016BBC3 /* UIView+Extension.swift */; };
		0A4278292B973D610016BBC3 /* AmountView.swift in Sources */ = {isa = PBXBuildFile; fileRef = 0A4278282B973D610016BBC3 /* AmountView.swift */; };
		0A42782C2B98FAA90016BBC3 /* Tip.swift in Sources */ = {isa = PBXBuildFile; fileRef = 0A42782B2B98FAA90016BBC3 /* Tip.swift */; };
		0A42782E2B98FB0B0016BBC3 /* HeaderView.swift in Sources */ = {isa = PBXBuildFile; fileRef = 0A42782D2B98FB0B0016BBC3 /* HeaderView.swift */; };
		0A4278312B9B818A0016BBC3 /* CalculatorVM.swift in Sources */ = {isa = PBXBuildFile; fileRef = 0A4278302B9B818A0016BBC3 /* CalculatorVM.swift */; };
		0A4278332B9B86930016BBC3 /* Result.swift in Sources */ = {isa = PBXBuildFile; fileRef = 0A4278322B9B86930016BBC3 /* Result.swift */; };
/* End PBXBuildFile section */

/* Begin PBXContainerItemProxy section */
		0A4277ED2B8E11B60016BBC3 /* PBXContainerItemProxy */ = {
			isa = PBXContainerItemProxy;
			containerPortal = 0A4277C62B89F8DE0016BBC3 /* Project object */;
			proxyType = 1;
			remoteGlobalIDString = 0A4277CD2B89F8DE0016BBC3;
			remoteInfo = swiftDemo;
		};
		0A4277FC2B8E11DA0016BBC3 /* PBXContainerItemProxy */ = {
			isa = PBXContainerItemProxy;
			containerPortal = 0A4277C62B89F8DE0016BBC3 /* Project object */;
			proxyType = 1;
			remoteGlobalIDString = 0A4277CD2B89F8DE0016BBC3;
			remoteInfo = swiftDemo;
		};
/* End PBXContainerItemProxy section */

/* Begin PBXFileReference section */
		0A4277CE2B89F8DE0016BBC3 /* swiftDemo.app */ = {isa = PBXFileReference; explicitFileType = wrapper.application; includeInIndex = 0; path = swiftDemo.app; sourceTree = BUILT_PRODUCTS_DIR; };
		0A4277D12B89F8DE0016BBC3 /* AppDelegate.swift */ = {isa = PBXFileReference; lastKnownFileType = sourcecode.swift; path = AppDelegate.swift; sourceTree = "<group>"; };
		0A4277D32B89F8DE0016BBC3 /* SceneDelegate.swift */ = {isa = PBXFileReference; lastKnownFileType = sourcecode.swift; path = SceneDelegate.swift; sourceTree = "<group>"; };
		0A4277D52B89F8DE0016BBC3 /* CalculatorVC.swift */ = {isa = PBXFileReference; lastKnownFileType = sourcecode.swift; path = CalculatorVC.swift; sourceTree = "<group>"; };
		0A4277DA2B89F8E20016BBC3 /* Assets.xcassets */ = {isa = PBXFileReference; lastKnownFileType = folder.assetcatalog; path = Assets.xcassets; sourceTree = "<group>"; };
		0A4277DD2B89F8E20016BBC3 /* Base */ = {isa = PBXFileReference; lastKnownFileType = file.storyboard; name = Base; path = Base.lproj/LaunchScreen.storyboard; sourceTree = "<group>"; };
		0A4277DF2B89F8E20016BBC3 /* Info.plist */ = {isa = PBXFileReference; lastKnownFileType = text.plist.xml; path = Info.plist; sourceTree = "<group>"; };
		0A4277E92B8E11B60016BBC3 /* swiftDemoTests.xctest */ = {isa = PBXFileReference; explicitFileType = wrapper.cfbundle; includeInIndex = 0; path = swiftDemoTests.xctest; sourceTree = BUILT_PRODUCTS_DIR; };
		0A4277EB2B8E11B60016BBC3 /* swiftDemoTests.swift */ = {isa = PBXFileReference; lastKnownFileType = sourcecode.swift; path = swiftDemoTests.swift; sourceTree = "<group>"; };
		0A4277F62B8E11DA0016BBC3 /* swiftDemoUITests.xctest */ = {isa = PBXFileReference; explicitFileType = wrapper.cfbundle; includeInIndex = 0; path = swiftDemoUITests.xctest; sourceTree = BUILT_PRODUCTS_DIR; };
		0A4277F82B8E11DA0016BBC3 /* swiftDemoUITests.swift */ = {isa = PBXFileReference; lastKnownFileType = sourcecode.swift; path = swiftDemoUITests.swift; sourceTree = "<group>"; };
		0A4277FA2B8E11DA0016BBC3 /* swiftDemoUITestsLaunchTests.swift */ = {isa = PBXFileReference; lastKnownFileType = sourcecode.swift; path = swiftDemoUITestsLaunchTests.swift; sourceTree = "<group>"; };
		0A4278102B8E2E000016BBC3 /* LogoView.swift */ = {isa = PBXFileReference; lastKnownFileType = sourcecode.swift; path = LogoView.swift; sourceTree = "<group>"; };
		0A4278122B8E2EEB0016BBC3 /* ResultView.swift */ = {isa = PBXFileReference; lastKnownFileType = sourcecode.swift; path = ResultView.swift; sourceTree = "<group>"; };
		0A4278142B8E2F2C0016BBC3 /* BillInputView.swift */ = {isa = PBXFileReference; lastKnownFileType = sourcecode.swift; path = BillInputView.swift; sourceTree = "<group>"; };
		0A4278162B8E2F520016BBC3 /* TipInputView.swift */ = {isa = PBXFileReference; lastKnownFileType = sourcecode.swift; path = TipInputView.swift; sourceTree = "<group>"; };
		0A4278182B8E2F7A0016BBC3 /* SplitInputView.swift */ = {isa = PBXFileReference; lastKnownFileType = sourcecode.swift; path = SplitInputView.swift; sourceTree = "<group>"; };
		0A42781B2B92526A0016BBC3 /* ThemeColor.swift */ = {isa = PBXFileReference; lastKnownFileType = sourcecode.swift; path = ThemeColor.swift; sourceTree = "<group>"; };
		0A42781D2B9252900016BBC3 /* ThemeFont.swift */ = {isa = PBXFileReference; lastKnownFileType = sourcecode.swift; path = ThemeFont.swift; sourceTree = "<group>"; };
		0A4278202B9252FD0016BBC3 /* UIColor+Extension.swift */ = {isa = PBXFileReference; lastKnownFileType = sourcecode.swift; path = "UIColor+Extension.swift"; sourceTree = "<group>"; };
		0A4278242B9486330016BBC3 /* LabelFactory.swift */ = {isa = PBXFileReference; lastKnownFileType = sourcecode.swift; path = LabelFactory.swift; sourceTree = "<group>"; };
		0A4278262B9729660016BBC3 /* UIView+Extension.swift */ = {isa = PBXFileReference; lastKnownFileType = sourcecode.swift; path = "UIView+Extension.swift"; sourceTree = "<group>"; };
		0A4278282B973D610016BBC3 /* AmountView.swift */ = {isa = PBXFileReference; lastKnownFileType = sourcecode.swift; path = AmountView.swift; sourceTree = "<group>"; };
		0A42782B2B98FAA90016BBC3 /* Tip.swift */ = {isa = PBXFileReference; lastKnownFileType = sourcecode.swift; path = Tip.swift; sourceTree = "<group>"; };
		0A42782D2B98FB0B0016BBC3 /* HeaderView.swift */ = {isa = PBXFileReference; lastKnownFileType = sourcecode.swift; path = HeaderView.swift; sourceTree = "<group>"; };
		0A4278302B9B818A0016BBC3 /* CalculatorVM.swift */ = {isa = PBXFileReference; lastKnownFileType = sourcecode.swift; path = CalculatorVM.swift; sourceTree = "<group>"; };
		0A4278322B9B86930016BBC3 /* Result.swift */ = {isa = PBXFileReference; lastKnownFileType = sourcecode.swift; path = Result.swift; sourceTree = "<group>"; };
/* End PBXFileReference section */

/* Begin PBXFrameworksBuildPhase section */
		0A4277CB2B89F8DE0016BBC3 /* Frameworks */ = {
			isa = PBXFrameworksBuildPhase;
			buildActionMask = 2147483647;
			files = (
				0A4278032B8E140D0016BBC3 /* CombineCocoa in Frameworks */,
				0A4278062B8E16230016BBC3 /* SnapKit in Frameworks */,
			);
			runOnlyForDeploymentPostprocessing = 0;
		};
		0A4277E62B8E11B60016BBC3 /* Frameworks */ = {
			isa = PBXFrameworksBuildPhase;
			buildActionMask = 2147483647;
			files = (
				0A4278092B8E19E70016BBC3 /* CombineCocoa in Frameworks */,
				0A42780C2B8E1AE80016BBC3 /* SnapshotTesting in Frameworks */,
			);
			runOnlyForDeploymentPostprocessing = 0;
		};
		0A4277F32B8E11DA0016BBC3 /* Frameworks */ = {
			isa = PBXFrameworksBuildPhase;
			buildActionMask = 2147483647;
			files = (
				0A42780E2B8E1B2A0016BBC3 /* CombineCocoa in Frameworks */,
			);
			runOnlyForDeploymentPostprocessing = 0;
		};
/* End PBXFrameworksBuildPhase section */

/* Begin PBXGroup section */
		0A4277C52B89F8DE0016BBC3 = {
			isa = PBXGroup;
			children = (
				0A4277D02B89F8DE0016BBC3 /* swiftDemo */,
				0A4277EA2B8E11B60016BBC3 /* swiftDemoTests */,
				0A4277F72B8E11DA0016BBC3 /* swiftDemoUITests */,
				0A4277CF2B89F8DE0016BBC3 /* Products */,
				0A4278072B8E19E70016BBC3 /* Frameworks */,
			);
			sourceTree = "<group>";
		};
		0A4277CF2B89F8DE0016BBC3 /* Products */ = {
			isa = PBXGroup;
			children = (
				0A4277CE2B89F8DE0016BBC3 /* swiftDemo.app */,
				0A4277E92B8E11B60016BBC3 /* swiftDemoTests.xctest */,
				0A4277F62B8E11DA0016BBC3 /* swiftDemoUITests.xctest */,
			);
			name = Products;
			sourceTree = "<group>";
		};
		0A4277D02B89F8DE0016BBC3 /* swiftDemo */ = {
			isa = PBXGroup;
			children = (
				0A42782F2B9B81640016BBC3 /* view model */,
				0A42780F2B8E2DD10016BBC3 /* view */,
				0A42782A2B98FA8E0016BBC3 /* model */,
				0A4278232B9486180016BBC3 /* factory */,
				0A42781F2B9252D20016BBC3 /* extension */,
				0A42781A2B9252420016BBC3 /* config */,
				0A4278222B947B780016BBC3 /* support */,
				0A4277DF2B89F8E20016BBC3 /* Info.plist */,
			);
			path = swiftDemo;
			sourceTree = "<group>";
		};
		0A4277EA2B8E11B60016BBC3 /* swiftDemoTests */ = {
			isa = PBXGroup;
			children = (
				0A4277EB2B8E11B60016BBC3 /* swiftDemoTests.swift */,
			);
			path = swiftDemoTests;
			sourceTree = "<group>";
		};
		0A4277F72B8E11DA0016BBC3 /* swiftDemoUITests */ = {
			isa = PBXGroup;
			children = (
				0A4277F82B8E11DA0016BBC3 /* swiftDemoUITests.swift */,
				0A4277FA2B8E11DA0016BBC3 /* swiftDemoUITestsLaunchTests.swift */,
			);
			path = swiftDemoUITests;
			sourceTree = "<group>";
		};
		0A4278072B8E19E70016BBC3 /* Frameworks */ = {
			isa = PBXGroup;
			children = (
			);
			name = Frameworks;
			sourceTree = "<group>";
		};
		0A42780F2B8E2DD10016BBC3 /* view */ = {
			isa = PBXGroup;
			children = (
				0A4277D52B89F8DE0016BBC3 /* CalculatorVC.swift */,
				0A4278102B8E2E000016BBC3 /* LogoView.swift */,
				0A4278122B8E2EEB0016BBC3 /* ResultView.swift */,
				0A4278142B8E2F2C0016BBC3 /* BillInputView.swift */,
				0A4278162B8E2F520016BBC3 /* TipInputView.swift */,
				0A4278182B8E2F7A0016BBC3 /* SplitInputView.swift */,
				0A4278282B973D610016BBC3 /* AmountView.swift */,
				0A42782D2B98FB0B0016BBC3 /* HeaderView.swift */,
			);
			path = view;
			sourceTree = "<group>";
		};
		0A42781A2B9252420016BBC3 /* config */ = {
			isa = PBXGroup;
			children = (
				0A42781B2B92526A0016BBC3 /* ThemeColor.swift */,
				0A42781D2B9252900016BBC3 /* ThemeFont.swift */,
			);
			path = config;
			sourceTree = "<group>";
		};
		0A42781F2B9252D20016BBC3 /* extension */ = {
			isa = PBXGroup;
			children = (
				0A4278202B9252FD0016BBC3 /* UIColor+Extension.swift */,
				0A4278262B9729660016BBC3 /* UIView+Extension.swift */,
			);
			path = extension;
			sourceTree = "<group>";
		};
		0A4278222B947B780016BBC3 /* support */ = {
			isa = PBXGroup;
			children = (
				0A4277D12B89F8DE0016BBC3 /* AppDelegate.swift */,
				0A4277D32B89F8DE0016BBC3 /* SceneDelegate.swift */,
				0A4277DA2B89F8E20016BBC3 /* Assets.xcassets */,
				0A4277DC2B89F8E20016BBC3 /* LaunchScreen.storyboard */,
			);
			path = support;
			sourceTree = "<group>";
		};
		0A4278232B9486180016BBC3 /* factory */ = {
			isa = PBXGroup;
			children = (
				0A4278242B9486330016BBC3 /* LabelFactory.swift */,
			);
			path = factory;
			sourceTree = "<group>";
		};
		0A42782A2B98FA8E0016BBC3 /* model */ = {
			isa = PBXGroup;
			children = (
				0A42782B2B98FAA90016BBC3 /* Tip.swift */,
				0A4278322B9B86930016BBC3 /* Result.swift */,
			);
			path = model;
			sourceTree = "<group>";
		};
		0A42782F2B9B81640016BBC3 /* view model */ = {
			isa = PBXGroup;
			children = (
				0A4278302B9B818A0016BBC3 /* CalculatorVM.swift */,
			);
			path = "view model";
			sourceTree = "<group>";
		};
/* End PBXGroup section */

/* Begin PBXNativeTarget section */
		0A4277CD2B89F8DE0016BBC3 /* swiftDemo */ = {
			isa = PBXNativeTarget;
			buildConfigurationList = 0A4277E22B89F8E20016BBC3 /* Build configuration list for PBXNativeTarget "swiftDemo" */;
			buildPhases = (
				0A4277CA2B89F8DE0016BBC3 /* Sources */,
				0A4277CB2B89F8DE0016BBC3 /* Frameworks */,
				0A4277CC2B89F8DE0016BBC3 /* Resources */,
			);
			buildRules = (
			);
			dependencies = (
			);
			name = swiftDemo;
			packageProductDependencies = (
				0A4278022B8E140D0016BBC3 /* CombineCocoa */,
				0A4278052B8E16230016BBC3 /* SnapKit */,
			);
			productName = swiftDemo;
			productReference = 0A4277CE2B89F8DE0016BBC3 /* swiftDemo.app */;
			productType = "com.apple.product-type.application";
		};
		0A4277E82B8E11B60016BBC3 /* swiftDemoTests */ = {
			isa = PBXNativeTarget;
			buildConfigurationList = 0A4277EF2B8E11B60016BBC3 /* Build configuration list for PBXNativeTarget "swiftDemoTests" */;
			buildPhases = (
				0A4277E52B8E11B60016BBC3 /* Sources */,
				0A4277E62B8E11B60016BBC3 /* Frameworks */,
				0A4277E72B8E11B60016BBC3 /* Resources */,
			);
			buildRules = (
			);
			dependencies = (
				0A4277EE2B8E11B60016BBC3 /* PBXTargetDependency */,
			);
			name = swiftDemoTests;
			packageProductDependencies = (
				0A4278082B8E19E70016BBC3 /* CombineCocoa */,
				0A42780B2B8E1AE80016BBC3 /* SnapshotTesting */,
			);
			productName = swiftDemoTests;
			productReference = 0A4277E92B8E11B60016BBC3 /* swiftDemoTests.xctest */;
			productType = "com.apple.product-type.bundle.unit-test";
		};
		0A4277F52B8E11DA0016BBC3 /* swiftDemoUITests */ = {
			isa = PBXNativeTarget;
			buildConfigurationList = 0A4277FE2B8E11DA0016BBC3 /* Build configuration list for PBXNativeTarget "swiftDemoUITests" */;
			buildPhases = (
				0A4277F22B8E11DA0016BBC3 /* Sources */,
				0A4277F32B8E11DA0016BBC3 /* Frameworks */,
				0A4277F42B8E11DA0016BBC3 /* Resources */,
			);
			buildRules = (
			);
			dependencies = (
				0A4277FD2B8E11DA0016BBC3 /* PBXTargetDependency */,
			);
			name = swiftDemoUITests;
			packageProductDependencies = (
				0A42780D2B8E1B2A0016BBC3 /* CombineCocoa */,
			);
			productName = swiftDemoUITests;
			productReference = 0A4277F62B8E11DA0016BBC3 /* swiftDemoUITests.xctest */;
			productType = "com.apple.product-type.bundle.ui-testing";
		};
/* End PBXNativeTarget section */

/* Begin PBXProject section */
		0A4277C62B89F8DE0016BBC3 /* Project object */ = {
			isa = PBXProject;
			attributes = {
				BuildIndependentTargetsInParallel = 1;
				LastSwiftUpdateCheck = 1520;
				LastUpgradeCheck = 1520;
				TargetAttributes = {
					0A4277CD2B89F8DE0016BBC3 = {
						CreatedOnToolsVersion = 15.2;
					};
					0A4277E82B8E11B60016BBC3 = {
						CreatedOnToolsVersion = 15.2;
						TestTargetID = 0A4277CD2B89F8DE0016BBC3;
					};
					0A4277F52B8E11DA0016BBC3 = {
						CreatedOnToolsVersion = 15.2;
						TestTargetID = 0A4277CD2B89F8DE0016BBC3;
					};
				};
			};
			buildConfigurationList = 0A4277C92B89F8DE0016BBC3 /* Build configuration list for PBXProject "swiftDemo" */;
			compatibilityVersion = "Xcode 14.0";
			developmentRegion = en;
			hasScannedForEncodings = 0;
			knownRegions = (
				en,
				Base,
			);
			mainGroup = 0A4277C52B89F8DE0016BBC3;
			packageReferences = (
				0A4278012B8E140D0016BBC3 /* XCRemoteSwiftPackageReference "CombineCocoa" */,
				0A4278042B8E16230016BBC3 /* XCRemoteSwiftPackageReference "SnapKit" */,
				0A42780A2B8E1AE80016BBC3 /* XCRemoteSwiftPackageReference "swift-snapshot-testing" */,
			);
			productRefGroup = 0A4277CF2B89F8DE0016BBC3 /* Products */;
			projectDirPath = "";
			projectRoot = "";
			targets = (
				0A4277CD2B89F8DE0016BBC3 /* swiftDemo */,
				0A4277E82B8E11B60016BBC3 /* swiftDemoTests */,
				0A4277F52B8E11DA0016BBC3 /* swiftDemoUITests */,
			);
		};
/* End PBXProject section */

/* Begin PBXResourcesBuildPhase section */
		0A4277CC2B89F8DE0016BBC3 /* Resources */ = {
			isa = PBXResourcesBuildPhase;
			buildActionMask = 2147483647;
			files = (
				0A4277DE2B89F8E20016BBC3 /* LaunchScreen.storyboard in Resources */,
				0A4277DB2B89F8E20016BBC3 /* Assets.xcassets in Resources */,
			);
			runOnlyForDeploymentPostprocessing = 0;
		};
		0A4277E72B8E11B60016BBC3 /* Resources */ = {
			isa = PBXResourcesBuildPhase;
			buildActionMask = 2147483647;
			files = (
			);
			runOnlyForDeploymentPostprocessing = 0;
		};
		0A4277F42B8E11DA0016BBC3 /* Resources */ = {
			isa = PBXResourcesBuildPhase;
			buildActionMask = 2147483647;
			files = (
			);
			runOnlyForDeploymentPostprocessing = 0;
		};
/* End PBXResourcesBuildPhase section */

/* Begin PBXSourcesBuildPhase section */
		0A4277CA2B89F8DE0016BBC3 /* Sources */ = {
			isa = PBXSourcesBuildPhase;
			buildActionMask = 2147483647;
			files = (
				0A4278332B9B86930016BBC3 /* Result.swift in Sources */,
				0A4278312B9B818A0016BBC3 /* CalculatorVM.swift in Sources */,
				0A4278292B973D610016BBC3 /* AmountView.swift in Sources */,
				0A4277D62B89F8DE0016BBC3 /* CalculatorVC.swift in Sources */,
				0A4278272B9729660016BBC3 /* UIView+Extension.swift in Sources */,
				0A4278112B8E2E000016BBC3 /* LogoView.swift in Sources */,
				0A42781C2B92526A0016BBC3 /* ThemeColor.swift in Sources */,
				0A4278212B9252FD0016BBC3 /* UIColor+Extension.swift in Sources */,
				0A4278152B8E2F2C0016BBC3 /* BillInputView.swift in Sources */,
				0A4278132B8E2EEB0016BBC3 /* ResultView.swift in Sources */,
				0A4277D22B89F8DE0016BBC3 /* AppDelegate.swift in Sources */,
				0A42781E2B9252900016BBC3 /* ThemeFont.swift in Sources */,
				0A4277D42B89F8DE0016BBC3 /* SceneDelegate.swift in Sources */,
				0A4278252B9486330016BBC3 /* LabelFactory.swift in Sources */,
				0A42782C2B98FAA90016BBC3 /* Tip.swift in Sources */,
				0A4278192B8E2F7A0016BBC3 /* SplitInputView.swift in Sources */,
				0A4278172B8E2F520016BBC3 /* TipInputView.swift in Sources */,
				0A42782E2B98FB0B0016BBC3 /* HeaderView.swift in Sources */,
			);
			runOnlyForDeploymentPostprocessing = 0;
		};
		0A4277E52B8E11B60016BBC3 /* Sources */ = {
			isa = PBXSourcesBuildPhase;
			buildActionMask = 2147483647;
			files = (
				0A4277EC2B8E11B60016BBC3 /* swiftDemoTests.swift in Sources */,
			);
			runOnlyForDeploymentPostprocessing = 0;
		};
		0A4277F22B8E11DA0016BBC3 /* Sources */ = {
			isa = PBXSourcesBuildPhase;
			buildActionMask = 2147483647;
			files = (
				0A4277F92B8E11DA0016BBC3 /* swiftDemoUITests.swift in Sources */,
				0A4277FB2B8E11DA0016BBC3 /* swiftDemoUITestsLaunchTests.swift in Sources */,
			);
			runOnlyForDeploymentPostprocessing = 0;
		};
/* End PBXSourcesBuildPhase section */

/* Begin PBXTargetDependency section */
		0A4277EE2B8E11B60016BBC3 /* PBXTargetDependency */ = {
			isa = PBXTargetDependency;
			target = 0A4277CD2B89F8DE0016BBC3 /* swiftDemo */;
			targetProxy = 0A4277ED2B8E11B60016BBC3 /* PBXContainerItemProxy */;
		};
		0A4277FD2B8E11DA0016BBC3 /* PBXTargetDependency */ = {
			isa = PBXTargetDependency;
			target = 0A4277CD2B89F8DE0016BBC3 /* swiftDemo */;
			targetProxy = 0A4277FC2B8E11DA0016BBC3 /* PBXContainerItemProxy */;
		};
/* End PBXTargetDependency section */

/* Begin PBXVariantGroup section */
		0A4277DC2B89F8E20016BBC3 /* LaunchScreen.storyboard */ = {
			isa = PBXVariantGroup;
			children = (
				0A4277DD2B89F8E20016BBC3 /* Base */,
			);
			name = LaunchScreen.storyboard;
			sourceTree = "<group>";
		};
/* End PBXVariantGroup section */

/* Begin XCBuildConfiguration section */
		0A4277E02B89F8E20016BBC3 /* Debug */ = {
			isa = XCBuildConfiguration;
			buildSettings = {
				ALWAYS_SEARCH_USER_PATHS = NO;
				ASSETCATALOG_COMPILER_GENERATE_SWIFT_ASSET_SYMBOL_EXTENSIONS = YES;
				CLANG_ANALYZER_NONNULL = YES;
				CLANG_ANALYZER_NUMBER_OBJECT_CONVERSION = YES_AGGRESSIVE;
				CLANG_CXX_LANGUAGE_STANDARD = "gnu++20";
				CLANG_ENABLE_MODULES = YES;
				CLANG_ENABLE_OBJC_ARC = YES;
				CLANG_ENABLE_OBJC_WEAK = YES;
				CLANG_WARN_BLOCK_CAPTURE_AUTORELEASING = YES;
				CLANG_WARN_BOOL_CONVERSION = YES;
				CLANG_WARN_COMMA = YES;
				CLANG_WARN_CONSTANT_CONVERSION = YES;
				CLANG_WARN_DEPRECATED_OBJC_IMPLEMENTATIONS = YES;
				CLANG_WARN_DIRECT_OBJC_ISA_USAGE = YES_ERROR;
				CLANG_WARN_DOCUMENTATION_COMMENTS = YES;
				CLANG_WARN_EMPTY_BODY = YES;
				CLANG_WARN_ENUM_CONVERSION = YES;
				CLANG_WARN_INFINITE_RECURSION = YES;
				CLANG_WARN_INT_CONVERSION = YES;
				CLANG_WARN_NON_LITERAL_NULL_CONVERSION = YES;
				CLANG_WARN_OBJC_IMPLICIT_RETAIN_SELF = YES;
				CLANG_WARN_OBJC_LITERAL_CONVERSION = YES;
				CLANG_WARN_OBJC_ROOT_CLASS = YES_ERROR;
				CLANG_WARN_QUOTED_INCLUDE_IN_FRAMEWORK_HEADER = YES;
				CLANG_WARN_RANGE_LOOP_ANALYSIS = YES;
				CLANG_WARN_STRICT_PROTOTYPES = YES;
				CLANG_WARN_SUSPICIOUS_MOVE = YES;
				CLANG_WARN_UNGUARDED_AVAILABILITY = YES_AGGRESSIVE;
				CLANG_WARN_UNREACHABLE_CODE = YES;
				CLANG_WARN__DUPLICATE_METHOD_MATCH = YES;
				COPY_PHASE_STRIP = NO;
				DEBUG_INFORMATION_FORMAT = dwarf;
				ENABLE_STRICT_OBJC_MSGSEND = YES;
				ENABLE_TESTABILITY = YES;
				ENABLE_USER_SCRIPT_SANDBOXING = YES;
				GCC_C_LANGUAGE_STANDARD = gnu17;
				GCC_DYNAMIC_NO_PIC = NO;
				GCC_NO_COMMON_BLOCKS = YES;
				GCC_OPTIMIZATION_LEVEL = 0;
				GCC_PREPROCESSOR_DEFINITIONS = (
					"DEBUG=1",
					"$(inherited)",
				);
				GCC_WARN_64_TO_32_BIT_CONVERSION = YES;
				GCC_WARN_ABOUT_RETURN_TYPE = YES_ERROR;
				GCC_WARN_UNDECLARED_SELECTOR = YES;
				GCC_WARN_UNINITIALIZED_AUTOS = YES_AGGRESSIVE;
				GCC_WARN_UNUSED_FUNCTION = YES;
				GCC_WARN_UNUSED_VARIABLE = YES;
				IPHONEOS_DEPLOYMENT_TARGET = 17.2;
				LOCALIZATION_PREFERS_STRING_CATALOGS = YES;
				MTL_ENABLE_DEBUG_INFO = INCLUDE_SOURCE;
				MTL_FAST_MATH = YES;
				ONLY_ACTIVE_ARCH = YES;
				SDKROOT = iphoneos;
				SWIFT_ACTIVE_COMPILATION_CONDITIONS = "DEBUG $(inherited)";
				SWIFT_OPTIMIZATION_LEVEL = "-Onone";
			};
			name = Debug;
		};
		0A4277E12B89F8E20016BBC3 /* Release */ = {
			isa = XCBuildConfiguration;
			buildSettings = {
				ALWAYS_SEARCH_USER_PATHS = NO;
				ASSETCATALOG_COMPILER_GENERATE_SWIFT_ASSET_SYMBOL_EXTENSIONS = YES;
				CLANG_ANALYZER_NONNULL = YES;
				CLANG_ANALYZER_NUMBER_OBJECT_CONVERSION = YES_AGGRESSIVE;
				CLANG_CXX_LANGUAGE_STANDARD = "gnu++20";
				CLANG_ENABLE_MODULES = YES;
				CLANG_ENABLE_OBJC_ARC = YES;
				CLANG_ENABLE_OBJC_WEAK = YES;
				CLANG_WARN_BLOCK_CAPTURE_AUTORELEASING = YES;
				CLANG_WARN_BOOL_CONVERSION = YES;
				CLANG_WARN_COMMA = YES;
				CLANG_WARN_CONSTANT_CONVERSION = YES;
				CLANG_WARN_DEPRECATED_OBJC_IMPLEMENTATIONS = YES;
				CLANG_WARN_DIRECT_OBJC_ISA_USAGE = YES_ERROR;
				CLANG_WARN_DOCUMENTATION_COMMENTS = YES;
				CLANG_WARN_EMPTY_BODY = YES;
				CLANG_WARN_ENUM_CONVERSION = YES;
				CLANG_WARN_INFINITE_RECURSION = YES;
				CLANG_WARN_INT_CONVERSION = YES;
				CLANG_WARN_NON_LITERAL_NULL_CONVERSION = YES;
				CLANG_WARN_OBJC_IMPLICIT_RETAIN_SELF = YES;
				CLANG_WARN_OBJC_LITERAL_CONVERSION = YES;
				CLANG_WARN_OBJC_ROOT_CLASS = YES_ERROR;
				CLANG_WARN_QUOTED_INCLUDE_IN_FRAMEWORK_HEADER = YES;
				CLANG_WARN_RANGE_LOOP_ANALYSIS = YES;
				CLANG_WARN_STRICT_PROTOTYPES = YES;
				CLANG_WARN_SUSPICIOUS_MOVE = YES;
				CLANG_WARN_UNGUARDED_AVAILABILITY = YES_AGGRESSIVE;
				CLANG_WARN_UNREACHABLE_CODE = YES;
				CLANG_WARN__DUPLICATE_METHOD_MATCH = YES;
				COPY_PHASE_STRIP = NO;
				DEBUG_INFORMATION_FORMAT = "dwarf-with-dsym";
				ENABLE_NS_ASSERTIONS = NO;
				ENABLE_STRICT_OBJC_MSGSEND = YES;
				ENABLE_USER_SCRIPT_SANDBOXING = YES;
				GCC_C_LANGUAGE_STANDARD = gnu17;
				GCC_NO_COMMON_BLOCKS = YES;
				GCC_WARN_64_TO_32_BIT_CONVERSION = YES;
				GCC_WARN_ABOUT_RETURN_TYPE = YES_ERROR;
				GCC_WARN_UNDECLARED_SELECTOR = YES;
				GCC_WARN_UNINITIALIZED_AUTOS = YES_AGGRESSIVE;
				GCC_WARN_UNUSED_FUNCTION = YES;
				GCC_WARN_UNUSED_VARIABLE = YES;
				IPHONEOS_DEPLOYMENT_TARGET = 17.2;
				LOCALIZATION_PREFERS_STRING_CATALOGS = YES;
				MTL_ENABLE_DEBUG_INFO = NO;
				MTL_FAST_MATH = YES;
				SDKROOT = iphoneos;
				SWIFT_COMPILATION_MODE = wholemodule;
				VALIDATE_PRODUCT = YES;
			};
			name = Release;
		};
		0A4277E32B89F8E20016BBC3 /* Debug */ = {
			isa = XCBuildConfiguration;
			buildSettings = {
				ASSETCATALOG_COMPILER_APPICON_NAME = AppIcon;
				ASSETCATALOG_COMPILER_GLOBAL_ACCENT_COLOR_NAME = AccentColor;
				CODE_SIGN_STYLE = Automatic;
				CURRENT_PROJECT_VERSION = 1;
				GENERATE_INFOPLIST_FILE = YES;
				INFOPLIST_FILE = swiftDemo/Info.plist;
				INFOPLIST_KEY_UIApplicationSupportsIndirectInputEvents = YES;
				INFOPLIST_KEY_UILaunchStoryboardName = LaunchScreen;
				INFOPLIST_KEY_UISupportedInterfaceOrientations_iPad = "UIInterfaceOrientationPortrait UIInterfaceOrientationPortraitUpsideDown UIInterfaceOrientationLandscapeLeft UIInterfaceOrientationLandscapeRight";
				INFOPLIST_KEY_UISupportedInterfaceOrientations_iPhone = "UIInterfaceOrientationPortrait UIInterfaceOrientationLandscapeLeft UIInterfaceOrientationLandscapeRight";
				LD_RUNPATH_SEARCH_PATHS = (
					"$(inherited)",
					"@executable_path/Frameworks",
				);
				MARKETING_VERSION = 1.0;
				PRODUCT_BUNDLE_IDENTIFIER = home.swiftDemo;
				PRODUCT_NAME = "$(TARGET_NAME)";
				SUPPORTED_PLATFORMS = "iphoneos iphonesimulator";
				SUPPORTS_MACCATALYST = NO;
				SUPPORTS_MAC_DESIGNED_FOR_IPHONE_IPAD = NO;
				SUPPORTS_XR_DESIGNED_FOR_IPHONE_IPAD = NO;
				SWIFT_EMIT_LOC_STRINGS = YES;
				SWIFT_VERSION = 5.0;
				TARGETED_DEVICE_FAMILY = "1,2";
			};
			name = Debug;
		};
		0A4277E42B89F8E20016BBC3 /* Release */ = {
			isa = XCBuildConfiguration;
			buildSettings = {
				ASSETCATALOG_COMPILER_APPICON_NAME = AppIcon;
				ASSETCATALOG_COMPILER_GLOBAL_ACCENT_COLOR_NAME = AccentColor;
				CODE_SIGN_STYLE = Automatic;
				CURRENT_PROJECT_VERSION = 1;
				GENERATE_INFOPLIST_FILE = YES;
				INFOPLIST_FILE = swiftDemo/Info.plist;
				INFOPLIST_KEY_UIApplicationSupportsIndirectInputEvents = YES;
				INFOPLIST_KEY_UILaunchStoryboardName = LaunchScreen;
				INFOPLIST_KEY_UISupportedInterfaceOrientations_iPad = "UIInterfaceOrientationPortrait UIInterfaceOrientationPortraitUpsideDown UIInterfaceOrientationLandscapeLeft UIInterfaceOrientationLandscapeRight";
				INFOPLIST_KEY_UISupportedInterfaceOrientations_iPhone = "UIInterfaceOrientationPortrait UIInterfaceOrientationLandscapeLeft UIInterfaceOrientationLandscapeRight";
				LD_RUNPATH_SEARCH_PATHS = (
					"$(inherited)",
					"@executable_path/Frameworks",
				);
				MARKETING_VERSION = 1.0;
				PRODUCT_BUNDLE_IDENTIFIER = home.swiftDemo;
				PRODUCT_NAME = "$(TARGET_NAME)";
				SUPPORTED_PLATFORMS = "iphoneos iphonesimulator";
				SUPPORTS_MACCATALYST = NO;
				SUPPORTS_MAC_DESIGNED_FOR_IPHONE_IPAD = NO;
				SUPPORTS_XR_DESIGNED_FOR_IPHONE_IPAD = NO;
				SWIFT_EMIT_LOC_STRINGS = YES;
				SWIFT_VERSION = 5.0;
				TARGETED_DEVICE_FAMILY = "1,2";
			};
			name = Release;
		};
		0A4277F02B8E11B60016BBC3 /* Debug */ = {
			isa = XCBuildConfiguration;
			buildSettings = {
				BUNDLE_LOADER = "$(TEST_HOST)";
				CODE_SIGN_STYLE = Automatic;
				CURRENT_PROJECT_VERSION = 1;
				GENERATE_INFOPLIST_FILE = YES;
				MARKETING_VERSION = 1.0;
				PRODUCT_BUNDLE_IDENTIFIER = home.swiftDemoTests;
				PRODUCT_NAME = "$(TARGET_NAME)";
				SWIFT_EMIT_LOC_STRINGS = NO;
				SWIFT_VERSION = 5.0;
				TARGETED_DEVICE_FAMILY = "1,2";
				TEST_HOST = "$(BUILT_PRODUCTS_DIR)/swiftDemo.app/$(BUNDLE_EXECUTABLE_FOLDER_PATH)/swiftDemo";
			};
			name = Debug;
		};
		0A4277F12B8E11B60016BBC3 /* Release */ = {
			isa = XCBuildConfiguration;
			buildSettings = {
				BUNDLE_LOADER = "$(TEST_HOST)";
				CODE_SIGN_STYLE = Automatic;
				CURRENT_PROJECT_VERSION = 1;
				GENERATE_INFOPLIST_FILE = YES;
				MARKETING_VERSION = 1.0;
				PRODUCT_BUNDLE_IDENTIFIER = home.swiftDemoTests;
				PRODUCT_NAME = "$(TARGET_NAME)";
				SWIFT_EMIT_LOC_STRINGS = NO;
				SWIFT_VERSION = 5.0;
				TARGETED_DEVICE_FAMILY = "1,2";
				TEST_HOST = "$(BUILT_PRODUCTS_DIR)/swiftDemo.app/$(BUNDLE_EXECUTABLE_FOLDER_PATH)/swiftDemo";
			};
			name = Release;
		};
		0A4277FF2B8E11DA0016BBC3 /* Debug */ = {
			isa = XCBuildConfiguration;
			buildSettings = {
				CODE_SIGN_STYLE = Automatic;
				CURRENT_PROJECT_VERSION = 1;
				GENERATE_INFOPLIST_FILE = YES;
				MARKETING_VERSION = 1.0;
				PRODUCT_BUNDLE_IDENTIFIER = home.swiftDemoUITests;
				PRODUCT_NAME = "$(TARGET_NAME)";
				SWIFT_EMIT_LOC_STRINGS = NO;
				SWIFT_VERSION = 5.0;
				TARGETED_DEVICE_FAMILY = "1,2";
				TEST_TARGET_NAME = swiftDemo;
			};
			name = Debug;
		};
		0A4278002B8E11DA0016BBC3 /* Release */ = {
			isa = XCBuildConfiguration;
			buildSettings = {
				CODE_SIGN_STYLE = Automatic;
				CURRENT_PROJECT_VERSION = 1;
				GENERATE_INFOPLIST_FILE = YES;
				MARKETING_VERSION = 1.0;
				PRODUCT_BUNDLE_IDENTIFIER = home.swiftDemoUITests;
				PRODUCT_NAME = "$(TARGET_NAME)";
				SWIFT_EMIT_LOC_STRINGS = NO;
				SWIFT_VERSION = 5.0;
				TARGETED_DEVICE_FAMILY = "1,2";
				TEST_TARGET_NAME = swiftDemo;
			};
			name = Release;
		};
/* End XCBuildConfiguration section */

/* Begin XCConfigurationList section */
		0A4277C92B89F8DE0016BBC3 /* Build configuration list for PBXProject "swiftDemo" */ = {
			isa = XCConfigurationList;
			buildConfigurations = (
				0A4277E02B89F8E20016BBC3 /* Debug */,
				0A4277E12B89F8E20016BBC3 /* Release */,
			);
			defaultConfigurationIsVisible = 0;
			defaultConfigurationName = Release;
		};
		0A4277E22B89F8E20016BBC3 /* Build configuration list for PBXNativeTarget "swiftDemo" */ = {
			isa = XCConfigurationList;
			buildConfigurations = (
				0A4277E32B89F8E20016BBC3 /* Debug */,
				0A4277E42B89F8E20016BBC3 /* Release */,
			);
			defaultConfigurationIsVisible = 0;
			defaultConfigurationName = Release;
		};
		0A4277EF2B8E11B60016BBC3 /* Build configuration list for PBXNativeTarget "swiftDemoTests" */ = {
			isa = XCConfigurationList;
			buildConfigurations = (
				0A4277F02B8E11B60016BBC3 /* Debug */,
				0A4277F12B8E11B60016BBC3 /* Release */,
			);
			defaultConfigurationIsVisible = 0;
			defaultConfigurationName = Release;
		};
		0A4277FE2B8E11DA0016BBC3 /* Build configuration list for PBXNativeTarget "swiftDemoUITests" */ = {
			isa = XCConfigurationList;
			buildConfigurations = (
				0A4277FF2B8E11DA0016BBC3 /* Debug */,
				0A4278002B8E11DA0016BBC3 /* Release */,
			);
			defaultConfigurationIsVisible = 0;
			defaultConfigurationName = Release;
		};
/* End XCConfigurationList section */

/* Begin XCRemoteSwiftPackageReference section */
		0A4278012B8E140D0016BBC3 /* XCRemoteSwiftPackageReference "CombineCocoa" */ = {
			isa = XCRemoteSwiftPackageReference;
			repositoryURL = "https://github.com/CombineCommunity/CombineCocoa";
			requirement = {
				kind = upToNextMinorVersion;
				minimumVersion = 0.4.1;
			};
		};
		0A4278042B8E16230016BBC3 /* XCRemoteSwiftPackageReference "SnapKit" */ = {
			isa = XCRemoteSwiftPackageReference;
			repositoryURL = "https://github.com/SnapKit/SnapKit";
			requirement = {
				kind = upToNextMinorVersion;
				minimumVersion = 5.7.1;
			};
		};
		0A42780A2B8E1AE80016BBC3 /* XCRemoteSwiftPackageReference "swift-snapshot-testing" */ = {
			isa = XCRemoteSwiftPackageReference;
			repositoryURL = "https://github.com/pointfreeco/swift-snapshot-testing";
			requirement = {
				kind = upToNextMinorVersion;
				minimumVersion = 1.15.3;
			};
		};
/* End XCRemoteSwiftPackageReference section */

/* Begin XCSwiftPackageProductDependency section */
		0A4278022B8E140D0016BBC3 /* CombineCocoa */ = {
			isa = XCSwiftPackageProductDependency;
			package = 0A4278012B8E140D0016BBC3 /* XCRemoteSwiftPackageReference "CombineCocoa" */;
			productName = CombineCocoa;
		};
		0A4278052B8E16230016BBC3 /* SnapKit */ = {
			isa = XCSwiftPackageProductDependency;
			package = 0A4278042B8E16230016BBC3 /* XCRemoteSwiftPackageReference "SnapKit" */;
			productName = SnapKit;
		};
		0A4278082B8E19E70016BBC3 /* CombineCocoa */ = {
			isa = XCSwiftPackageProductDependency;
			package = 0A4278012B8E140D0016BBC3 /* XCRemoteSwiftPackageReference "CombineCocoa" */;
			productName = CombineCocoa;
		};
		0A42780B2B8E1AE80016BBC3 /* SnapshotTesting */ = {
			isa = XCSwiftPackageProductDependency;
			package = 0A42780A2B8E1AE80016BBC3 /* XCRemoteSwiftPackageReference "swift-snapshot-testing" */;
			productName = SnapshotTesting;
		};
		0A42780D2B8E1B2A0016BBC3 /* CombineCocoa */ = {
			isa = XCSwiftPackageProductDependency;
			package = 0A4278012B8E140D0016BBC3 /* XCRemoteSwiftPackageReference "CombineCocoa" */;
			productName = CombineCocoa;
		};
/* End XCSwiftPackageProductDependency section */
	};
	rootObject = 0A4277C62B89F8DE0016BBC3 /* Project object */;
}
